
Microsoft Visual Studio Solution File, Format Version 12.00
# Visual Studio Version 18
VisualStudioVersion = 18.3.11520.95
MinimumVisualStudioVersion = 10.0.40219.1
Project("{9A19103F-16F7-4668-BE54-9A1E7A4F7556}") = "Joufflu.Inputs", "Joufflu.Inputs\Joufflu.Inputs.csproj", "{998F1558-7217-41EC-A8D2-A96C5338DBA4}"
EndProject
Project("{2150E333-8FDC-42A3-9474-1A3956D46DE8}") = "Controls", "Controls", "{DB72DC5E-D46F-42BB-A6CB-F75A8F74F7AB}"
EndProject
Project("{9A19103F-16F7-4668-BE54-9A1E7A4F7556}") = "Joufflu.Samples", "Joufflu.Samples\Joufflu.Samples.csproj", "{0BA7D7F4-8D2B-4A4A-94A2-939C153961B0}"
EndProject
Project("{FAE04EC0-301F-11D3-BF4B-00C04F79EFBC}") = "Joufflu", "Joufflu\Joufflu.csproj", "{61C27C74-620A-4499-A6EB-53BC12B17050}"
EndProject
Project("{FAE04EC0-301F-11D3-BF4B-00C04F79EFBC}") = "Joufflu.Navigation", "Joufflu.Navigation\Joufflu.Navigation.csproj", "{198FAAA5-141A-46EC-99A0-24C1727CFEDA}"
EndProject
Project("{2150E333-8FDC-42A3-9474-1A3956D46DE8}") = "Éléments de solution", "Éléments de solution", "{67003579-0269-450D-887A-3F1F2577CAA3}"
	ProjectSection(SolutionItems) = preProject
		changelog.md = changelog.md
		readme.md = readme.md
	EndProjectSection
EndProject
Global
	GlobalSection(SolutionConfigurationPlatforms) = preSolution
		Debug|Any CPU = Debug|Any CPU
		Release|Any CPU = Release|Any CPU
	EndGlobalSection
	GlobalSection(ProjectConfigurationPlatforms) = postSolution
		{998F1558-7217-41EC-A8D2-A96C5338DBA4}.Debug|Any CPU.ActiveCfg = Debug|Any CPU
		{998F1558-7217-41EC-A8D2-A96C5338DBA4}.Debug|Any CPU.Build.0 = Debug|Any CPU
		{998F1558-7217-41EC-A8D2-A96C5338DBA4}.Release|Any CPU.ActiveCfg = Release|Any CPU
		{998F1558-7217-41EC-A8D2-A96C5338DBA4}.Release|Any CPU.Build.0 = Release|Any CPU
		{0BA7D7F4-8D2B-4A4A-94A2-939C153961B0}.Debug|Any CPU.ActiveCfg = Debug|Any CPU
		{0BA7D7F4-8D2B-4A4A-94A2-939C153961B0}.Debug|Any CPU.Build.0 = Debug|Any CPU
		{0BA7D7F4-8D2B-4A4A-94A2-939C153961B0}.Release|Any CPU.ActiveCfg = Release|Any CPU
		{0BA7D7F4-8D2B-4A4A-94A2-939C153961B0}.Release|Any CPU.Build.0 = Release|Any CPU
		{61C27C74-620A-4499-A6EB-53BC12B17050}.Debug|Any CPU.ActiveCfg = Debug|Any CPU
		{61C27C74-620A-4499-A6EB-53BC12B17050}.Debug|Any CPU.Build.0 = Debug|Any CPU
		{61C27C74-620A-4499-A6EB-53BC12B17050}.Release|Any CPU.ActiveCfg = Release|Any CPU
		{61C27C74-620A-4499-A6EB-53BC12B17050}.Release|Any CPU.Build.0 = Release|Any CPU
		{198FAAA5-141A-46EC-99A0-24C1727CFEDA}.Debug|Any CPU.ActiveCfg = Debug|Any CPU
		{198FAAA5-141A-46EC-99A0-24C1727CFEDA}.Debug|Any CPU.Build.0 = Debug|Any CPU
		{198FAAA5-141A-46EC-99A0-24C1727CFEDA}.Release|Any CPU.ActiveCfg = Release|Any CPU
		{198FAAA5-141A-46EC-99A0-24C1727CFEDA}.Release|Any CPU.Build.0 = Release|Any CPU
	EndGlobalSection
	GlobalSection(SolutionProperties) = preSolution
		HideSolutionNode = FALSE
	EndGlobalSection
	GlobalSection(NestedProjects) = preSolution
		{998F1558-7217-41EC-A8D2-A96C5338DBA4} = {DB72DC5E-D46F-42BB-A6CB-F75A8F74F7AB}
		{198FAAA5-141A-46EC-99A0-24C1727CFEDA} = {DB72DC5E-D46F-42BB-A6CB-F75A8F74F7AB}
	EndGlobalSection
	GlobalSection(ExtensibilityGlobals) = postSolution
		SolutionGuid = {A0C9F7DF-8AFE-4B1A-BC6C-D18AA5E6D2DC}
	EndGlobalSection
EndGlobal
